
Microsoft Visual Studio Solution File, Format Version 12.00
# Visual Studio Version 17
VisualStudioVersion = 17.3.32901.215
MinimumVisualStudioVersion = 10.0.40219.1
Project("{9A19103F-16F7-4668-BE54-9A1E7A4F7556}") = "Person.API", "Person.API\Person.API.csproj", "{68DC44FD-2B96-4A83-B879-E18FF093B282}"
EndProject
Project("{9A19103F-16F7-4668-BE54-9A1E7A4F7556}") = "Person.Infrastructure", "Person.Infrastructure\Person.Infrastructure.csproj", "{0ED7E41D-40B2-4890-80A9-E9937CF5E411}"
EndProject
Project("{9A19103F-16F7-4668-BE54-9A1E7A4F7556}") = "Person.Domain", "Person.Domain\Person.Domain.csproj", "{A41322DD-BB60-4D2C-9647-CF5A3732E281}"
EndProject
Project("{9A19103F-16F7-4668-BE54-9A1E7A4F7556}") = "Person.Service", "Person.Service\Person.Service.csproj", "{61A6A956-B169-41CF-820B-10D5E02493DE}"
EndProject
Project("{FAE04EC0-301F-11D3-BF4B-00C04F79EFBC}") = "PersonService.Tests", "PersonService.Tests\PersonService.Tests.csproj", "{9B41A14A-8BDD-47A0-A594-F95B736B7728}"
EndProject
Global
	GlobalSection(SolutionConfigurationPlatforms) = preSolution
		Debug|Any CPU = Debug|Any CPU
		Release|Any CPU = Release|Any CPU
	EndGlobalSection
	GlobalSection(ProjectConfigurationPlatforms) = postSolution
		{68DC44FD-2B96-4A83-B879-E18FF093B282}.Debug|Any CPU.ActiveCfg = Debug|Any CPU
		{68DC44FD-2B96-4A83-B879-E18FF093B282}.Debug|Any CPU.Build.0 = Debug|Any CPU
		{68DC44FD-2B96-4A83-B879-E18FF093B282}.Release|Any CPU.ActiveCfg = Release|Any CPU
		{68DC44FD-2B96-4A83-B879-E18FF093B282}.Release|Any CPU.Build.0 = Release|Any CPU
		{0ED7E41D-40B2-4890-80A9-E9937CF5E411}.Debug|Any CPU.ActiveCfg = Debug|Any CPU
		{0ED7E41D-40B2-4890-80A9-E9937CF5E411}.Debug|Any CPU.Build.0 = Debug|Any CPU
		{0ED7E41D-40B2-4890-80A9-E9937CF5E411}.Release|Any CPU.ActiveCfg = Release|Any CPU
		{0ED7E41D-40B2-4890-80A9-E9937CF5E411}.Release|Any CPU.Build.0 = Release|Any CPU
		{A41322DD-BB60-4D2C-9647-CF5A3732E281}.Debug|Any CPU.ActiveCfg = Debug|Any CPU
		{A41322DD-BB60-4D2C-9647-CF5A3732E281}.Debug|Any CPU.Build.0 = Debug|Any CPU
		{A41322DD-BB60-4D2C-9647-CF5A3732E281}.Release|Any CPU.ActiveCfg = Release|Any CPU
		{A41322DD-BB60-4D2C-9647-CF5A3732E281}.Release|Any CPU.Build.0 = Release|Any CPU
		{61A6A956-B169-41CF-820B-10D5E02493DE}.Debug|Any CPU.ActiveCfg = Debug|Any CPU
		{61A6A956-B169-41CF-820B-10D5E02493DE}.Debug|Any CPU.Build.0 = Debug|Any CPU
		{61A6A956-B169-41CF-820B-10D5E02493DE}.Release|Any CPU.ActiveCfg = Release|Any CPU
		{61A6A956-B169-41CF-820B-10D5E02493DE}.Release|Any CPU.Build.0 = Release|Any CPU
		{9B41A14A-8BDD-47A0-A594-F95B736B7728}.Debug|Any CPU.ActiveCfg = Debug|Any CPU
		{9B41A14A-8BDD-47A0-A594-F95B736B7728}.Debug|Any CPU.Build.0 = Debug|Any CPU
		{9B41A14A-8BDD-47A0-A594-F95B736B7728}.Release|Any CPU.ActiveCfg = Release|Any CPU
		{9B41A14A-8BDD-47A0-A594-F95B736B7728}.Release|Any CPU.Build.0 = Release|Any CPU
	EndGlobalSection
	GlobalSection(SolutionProperties) = preSolution
		HideSolutionNode = FALSE
	EndGlobalSection
	GlobalSection(ExtensibilityGlobals) = postSolution
		SolutionGuid = {BB98D27E-2A07-4705-9CD6-B3C6AD016DBB}
	EndGlobalSection
EndGlobal
